
Microsoft Visual Studio Solution File, Format Version 12.00
# Visual Studio Version 16
VisualStudioVersion = 16.0.31727.386
MinimumVisualStudioVersion = 10.0.40219.1
Project("{9A19103F-16F7-4668-BE54-9A1E7A4F7556}") = "TokaAPI", "TokaAPI\TokaAPI.csproj", "{F570BFF5-858A-490F-8E5A-5CD402D25130}"
EndProject
Project("{9A19103F-16F7-4668-BE54-9A1E7A4F7556}") = "TokaDataAccess", "TokaDataAccess\TokaDataAccess.csproj", "{B6F28DF2-6C68-4500-875A-A59832DE012C}"
EndProject
Project("{9A19103F-16F7-4668-BE54-9A1E7A4F7556}") = "TokaDomain", "TokaDomain\TokaDomain.csproj", "{6D68B032-3A37-4F11-A2F1-5A61DF1F2080}"
EndProject
Project("{FAE04EC0-301F-11D3-BF4B-00C04F79EFBC}") = "TokaService", "TokaService\TokaService.csproj", "{0FF71A37-366C-4AF4-9FEC-33CDD9F3C70B}"
EndProject
Global
	GlobalSection(SolutionConfigurationPlatforms) = preSolution
		Debug|Any CPU = Debug|Any CPU
		Release|Any CPU = Release|Any CPU
	EndGlobalSection
	GlobalSection(ProjectConfigurationPlatforms) = postSolution
		{F570BFF5-858A-490F-8E5A-5CD402D25130}.Debug|Any CPU.ActiveCfg = Debug|Any CPU
		{F570BFF5-858A-490F-8E5A-5CD402D25130}.Debug|Any CPU.Build.0 = Debug|Any CPU
		{F570BFF5-858A-490F-8E5A-5CD402D25130}.Release|Any CPU.ActiveCfg = Release|Any CPU
		{F570BFF5-858A-490F-8E5A-5CD402D25130}.Release|Any CPU.Build.0 = Release|Any CPU
		{B6F28DF2-6C68-4500-875A-A59832DE012C}.Debug|Any CPU.ActiveCfg = Debug|Any CPU
		{B6F28DF2-6C68-4500-875A-A59832DE012C}.Debug|Any CPU.Build.0 = Debug|Any CPU
		{B6F28DF2-6C68-4500-875A-A59832DE012C}.Release|Any CPU.ActiveCfg = Release|Any CPU
		{B6F28DF2-6C68-4500-875A-A59832DE012C}.Release|Any CPU.Build.0 = Release|Any CPU
		{6D68B032-3A37-4F11-A2F1-5A61DF1F2080}.Debug|Any CPU.ActiveCfg = Debug|Any CPU
		{6D68B032-3A37-4F11-A2F1-5A61DF1F2080}.Debug|Any CPU.Build.0 = Debug|Any CPU
		{6D68B032-3A37-4F11-A2F1-5A61DF1F2080}.Release|Any CPU.ActiveCfg = Release|Any CPU
		{6D68B032-3A37-4F11-A2F1-5A61DF1F2080}.Release|Any CPU.Build.0 = Release|Any CPU
		{0FF71A37-366C-4AF4-9FEC-33CDD9F3C70B}.Debug|Any CPU.ActiveCfg = Debug|Any CPU
		{0FF71A37-366C-4AF4-9FEC-33CDD9F3C70B}.Debug|Any CPU.Build.0 = Debug|Any CPU
		{0FF71A37-366C-4AF4-9FEC-33CDD9F3C70B}.Release|Any CPU.ActiveCfg = Release|Any CPU
		{0FF71A37-366C-4AF4-9FEC-33CDD9F3C70B}.Release|Any CPU.Build.0 = Release|Any CPU
	EndGlobalSection
	GlobalSection(SolutionProperties) = preSolution
		HideSolutionNode = FALSE
	EndGlobalSection
	GlobalSection(ExtensibilityGlobals) = postSolution
		SolutionGuid = {89109B31-4557-4833-BB5C-CE582A1735AE}
	EndGlobalSection
EndGlobal
